
Microsoft Visual Studio Solution File, Format Version 12.00
# Visual Studio Version 16
VisualStudioVersion = 16.0.30621.155
MinimumVisualStudioVersion = 10.0.40219.1
Project("{FAE04EC0-301F-11D3-BF4B-00C04F79EFBC}") = "Logger", "Logger\Logger.csproj", "{921E839E-E7E1-49C3-B669-D3DCE770BC27}"
EndProject
Global
	GlobalSection(SolutionConfigurationPlatforms) = preSolution
		Debug|Any CPU = Debug|Any CPU
		Release|Any CPU = Release|Any CPU
	EndGlobalSection
	GlobalSection(ProjectConfigurationPlatforms) = postSolution
		{921E839E-E7E1-49C3-B669-D3DCE770BC27}.Debug|Any CPU.ActiveCfg = Debug|Any CPU
		{921E839E-E7E1-49C3-B669-D3DCE770BC27}.Debug|Any CPU.Build.0 = Debug|Any CPU
		{921E839E-E7E1-49C3-B669-D3DCE770BC27}.Release|Any CPU.ActiveCfg = Release|Any CPU
		{921E839E-E7E1-49C3-B669-D3DCE770BC27}.Release|Any CPU.Build.0 = Release|Any CPU
	EndGlobalSection
	GlobalSection(SolutionProperties) = preSolution
		HideSolutionNode = FALSE
	EndGlobalSection
	GlobalSection(ExtensibilityGlobals) = postSolution
		SolutionGuid = {26CCB4C4-E93B-403B-B49C-16ED9D7211E7}
	EndGlobalSection
EndGlobal
