
Microsoft Visual Studio Solution File, Format Version 12.00
# Visual Studio Version 16
VisualStudioVersion = 16.0.30804.86
MinimumVisualStudioVersion = 10.0.40219.1
Project("{9A19103F-16F7-4668-BE54-9A1E7A4F7556}") = "CounterStrike", "CounterStrike\CounterStrike.csproj", "{65A93183-35B2-488E-90D0-E532813FFC03}"
EndProject
Project("{9A19103F-16F7-4668-BE54-9A1E7A4F7556}") = "Robots", "Robots\Robots.csproj", "{06993211-6A10-442B-B501-6271B4BB8D96}"
EndProject
Project("{9A19103F-16F7-4668-BE54-9A1E7A4F7556}") = "Robots.Tests", "Robots.Tests\Robots.Tests.csproj", "{7ADB1078-0032-4623-BCF7-E8193821F82B}"
EndProject
Global
	GlobalSection(SolutionConfigurationPlatforms) = preSolution
		Debug|Any CPU = Debug|Any CPU
		Release|Any CPU = Release|Any CPU
	EndGlobalSection
	GlobalSection(ProjectConfigurationPlatforms) = postSolution
		{65A93183-35B2-488E-90D0-E532813FFC03}.Debug|Any CPU.ActiveCfg = Debug|Any CPU
		{65A93183-35B2-488E-90D0-E532813FFC03}.Debug|Any CPU.Build.0 = Debug|Any CPU
		{65A93183-35B2-488E-90D0-E532813FFC03}.Release|Any CPU.ActiveCfg = Release|Any CPU
		{65A93183-35B2-488E-90D0-E532813FFC03}.Release|Any CPU.Build.0 = Release|Any CPU
		{06993211-6A10-442B-B501-6271B4BB8D96}.Debug|Any CPU.ActiveCfg = Debug|Any CPU
		{06993211-6A10-442B-B501-6271B4BB8D96}.Debug|Any CPU.Build.0 = Debug|Any CPU
		{06993211-6A10-442B-B501-6271B4BB8D96}.Release|Any CPU.ActiveCfg = Release|Any CPU
		{06993211-6A10-442B-B501-6271B4BB8D96}.Release|Any CPU.Build.0 = Release|Any CPU
		{7ADB1078-0032-4623-BCF7-E8193821F82B}.Debug|Any CPU.ActiveCfg = Debug|Any CPU
		{7ADB1078-0032-4623-BCF7-E8193821F82B}.Debug|Any CPU.Build.0 = Debug|Any CPU
		{7ADB1078-0032-4623-BCF7-E8193821F82B}.Release|Any CPU.ActiveCfg = Release|Any CPU
		{7ADB1078-0032-4623-BCF7-E8193821F82B}.Release|Any CPU.Build.0 = Release|Any CPU
	EndGlobalSection
	GlobalSection(SolutionProperties) = preSolution
		HideSolutionNode = FALSE
	EndGlobalSection
	GlobalSection(ExtensibilityGlobals) = postSolution
		SolutionGuid = {F7EB7626-87B1-4918-A042-EE0F0820C2D3}
	EndGlobalSection
EndGlobal
