
Microsoft Visual Studio Solution File, Format Version 12.00
# Visual Studio Version 16
VisualStudioVersion = 16.0.30517.126
MinimumVisualStudioVersion = 10.0.40219.1
Project("{2150E333-8FDC-42A3-9474-1A3956D46DE8}") = "InheritanceLAB", "InheritanceLAB", "{E467C593-2555-47EB-A995-9AC68CD232CE}"
EndProject
Project("{9A19103F-16F7-4668-BE54-9A1E7A4F7556}") = "Practice", "Practice\Practice.csproj", "{1E2DE835-7402-473A-8214-764835B56247}"
EndProject
Project("{FAE04EC0-301F-11D3-BF4B-00C04F79EFBC}") = "SingleInheritance", "SingleInheritance\SingleInheritance.csproj", "{8B1F9233-A876-4790-A1B5-63B9FDDDDCC7}"
EndProject
Project("{FAE04EC0-301F-11D3-BF4B-00C04F79EFBC}") = "MultipleInheritance", "MultipleInheritance\MultipleInheritance.csproj", "{843E3FD3-1A13-456B-8DB1-60E078431B81}"
EndProject
Project("{FAE04EC0-301F-11D3-BF4B-00C04F79EFBC}") = "HierarchicalInheritance", "HierarchicalInheritance\HierarchicalInheritance.csproj", "{7D13EA5A-47B1-4A3B-AC5E-3E363B1E7254}"
EndProject
Project("{FAE04EC0-301F-11D3-BF4B-00C04F79EFBC}") = "RandomList", "RandomList\RandomList.csproj", "{1CD3CE87-7671-4007-BCA0-F7819FDA0912}"
EndProject
Project("{FAE04EC0-301F-11D3-BF4B-00C04F79EFBC}") = "CustomStack", "CustomStack\CustomStack.csproj", "{7A58C96A-7C97-41D3-93E8-87E850CBB426}"
EndProject
Project("{2150E333-8FDC-42A3-9474-1A3956D46DE8}") = "InheritanceEXERCISE", "InheritanceEXERCISE", "{9036AA37-216C-44A4-B79A-EBB0E40461EE}"
EndProject
Project("{9A19103F-16F7-4668-BE54-9A1E7A4F7556}") = "Person", "Person\Person.csproj", "{940DFB5C-E2B2-4750-8545-B87AAE2CE625}"
EndProject
Project("{9A19103F-16F7-4668-BE54-9A1E7A4F7556}") = "Zoo", "Zoo\Zoo.csproj", "{24C5BF07-2846-4E97-A54A-A12A699260E4}"
EndProject
Project("{9A19103F-16F7-4668-BE54-9A1E7A4F7556}") = "PlayersAndMonsters", "PlayersAndMonsters\PlayersAndMonsters.csproj", "{B7EC1BC5-E0F8-47D5-8599-218F54F4DA3F}"
EndProject
Project("{9A19103F-16F7-4668-BE54-9A1E7A4F7556}") = "NeedForSpeed", "NeedForSpeed\NeedForSpeed.csproj", "{39BFEF0B-891D-4AE3-AD4C-FFAE7102FF20}"
EndProject
Global
	GlobalSection(SolutionConfigurationPlatforms) = preSolution
		Debug|Any CPU = Debug|Any CPU
		Release|Any CPU = Release|Any CPU
	EndGlobalSection
	GlobalSection(ProjectConfigurationPlatforms) = postSolution
		{1E2DE835-7402-473A-8214-764835B56247}.Debug|Any CPU.ActiveCfg = Debug|Any CPU
		{1E2DE835-7402-473A-8214-764835B56247}.Debug|Any CPU.Build.0 = Debug|Any CPU
		{1E2DE835-7402-473A-8214-764835B56247}.Release|Any CPU.ActiveCfg = Release|Any CPU
		{1E2DE835-7402-473A-8214-764835B56247}.Release|Any CPU.Build.0 = Release|Any CPU
		{8B1F9233-A876-4790-A1B5-63B9FDDDDCC7}.Debug|Any CPU.ActiveCfg = Debug|Any CPU
		{8B1F9233-A876-4790-A1B5-63B9FDDDDCC7}.Debug|Any CPU.Build.0 = Debug|Any CPU
		{8B1F9233-A876-4790-A1B5-63B9FDDDDCC7}.Release|Any CPU.ActiveCfg = Release|Any CPU
		{8B1F9233-A876-4790-A1B5-63B9FDDDDCC7}.Release|Any CPU.Build.0 = Release|Any CPU
		{843E3FD3-1A13-456B-8DB1-60E078431B81}.Debug|Any CPU.ActiveCfg = Debug|Any CPU
		{843E3FD3-1A13-456B-8DB1-60E078431B81}.Debug|Any CPU.Build.0 = Debug|Any CPU
		{843E3FD3-1A13-456B-8DB1-60E078431B81}.Release|Any CPU.ActiveCfg = Release|Any CPU
		{843E3FD3-1A13-456B-8DB1-60E078431B81}.Release|Any CPU.Build.0 = Release|Any CPU
		{7D13EA5A-47B1-4A3B-AC5E-3E363B1E7254}.Debug|Any CPU.ActiveCfg = Debug|Any CPU
		{7D13EA5A-47B1-4A3B-AC5E-3E363B1E7254}.Debug|Any CPU.Build.0 = Debug|Any CPU
		{7D13EA5A-47B1-4A3B-AC5E-3E363B1E7254}.Release|Any CPU.ActiveCfg = Release|Any CPU
		{7D13EA5A-47B1-4A3B-AC5E-3E363B1E7254}.Release|Any CPU.Build.0 = Release|Any CPU
		{1CD3CE87-7671-4007-BCA0-F7819FDA0912}.Debug|Any CPU.ActiveCfg = Debug|Any CPU
		{1CD3CE87-7671-4007-BCA0-F7819FDA0912}.Debug|Any CPU.Build.0 = Debug|Any CPU
		{1CD3CE87-7671-4007-BCA0-F7819FDA0912}.Release|Any CPU.ActiveCfg = Release|Any CPU
		{1CD3CE87-7671-4007-BCA0-F7819FDA0912}.Release|Any CPU.Build.0 = Release|Any CPU
		{7A58C96A-7C97-41D3-93E8-87E850CBB426}.Debug|Any CPU.ActiveCfg = Debug|Any CPU
		{7A58C96A-7C97-41D3-93E8-87E850CBB426}.Debug|Any CPU.Build.0 = Debug|Any CPU
		{7A58C96A-7C97-41D3-93E8-87E850CBB426}.Release|Any CPU.ActiveCfg = Release|Any CPU
		{7A58C96A-7C97-41D3-93E8-87E850CBB426}.Release|Any CPU.Build.0 = Release|Any CPU
		{940DFB5C-E2B2-4750-8545-B87AAE2CE625}.Debug|Any CPU.ActiveCfg = Debug|Any CPU
		{940DFB5C-E2B2-4750-8545-B87AAE2CE625}.Debug|Any CPU.Build.0 = Debug|Any CPU
		{940DFB5C-E2B2-4750-8545-B87AAE2CE625}.Release|Any CPU.ActiveCfg = Release|Any CPU
		{940DFB5C-E2B2-4750-8545-B87AAE2CE625}.Release|Any CPU.Build.0 = Release|Any CPU
		{24C5BF07-2846-4E97-A54A-A12A699260E4}.Debug|Any CPU.ActiveCfg = Debug|Any CPU
		{24C5BF07-2846-4E97-A54A-A12A699260E4}.Debug|Any CPU.Build.0 = Debug|Any CPU
		{24C5BF07-2846-4E97-A54A-A12A699260E4}.Release|Any CPU.ActiveCfg = Release|Any CPU
		{24C5BF07-2846-4E97-A54A-A12A699260E4}.Release|Any CPU.Build.0 = Release|Any CPU
		{B7EC1BC5-E0F8-47D5-8599-218F54F4DA3F}.Debug|Any CPU.ActiveCfg = Debug|Any CPU
		{B7EC1BC5-E0F8-47D5-8599-218F54F4DA3F}.Debug|Any CPU.Build.0 = Debug|Any CPU
		{B7EC1BC5-E0F8-47D5-8599-218F54F4DA3F}.Release|Any CPU.ActiveCfg = Release|Any CPU
		{B7EC1BC5-E0F8-47D5-8599-218F54F4DA3F}.Release|Any CPU.Build.0 = Release|Any CPU
		{39BFEF0B-891D-4AE3-AD4C-FFAE7102FF20}.Debug|Any CPU.ActiveCfg = Debug|Any CPU
		{39BFEF0B-891D-4AE3-AD4C-FFAE7102FF20}.Debug|Any CPU.Build.0 = Debug|Any CPU
		{39BFEF0B-891D-4AE3-AD4C-FFAE7102FF20}.Release|Any CPU.ActiveCfg = Release|Any CPU
		{39BFEF0B-891D-4AE3-AD4C-FFAE7102FF20}.Release|Any CPU.Build.0 = Release|Any CPU
	EndGlobalSection
	GlobalSection(SolutionProperties) = preSolution
		HideSolutionNode = FALSE
	EndGlobalSection
	GlobalSection(NestedProjects) = preSolution
		{8B1F9233-A876-4790-A1B5-63B9FDDDDCC7} = {E467C593-2555-47EB-A995-9AC68CD232CE}
		{843E3FD3-1A13-456B-8DB1-60E078431B81} = {E467C593-2555-47EB-A995-9AC68CD232CE}
		{7D13EA5A-47B1-4A3B-AC5E-3E363B1E7254} = {E467C593-2555-47EB-A995-9AC68CD232CE}
		{1CD3CE87-7671-4007-BCA0-F7819FDA0912} = {E467C593-2555-47EB-A995-9AC68CD232CE}
		{7A58C96A-7C97-41D3-93E8-87E850CBB426} = {E467C593-2555-47EB-A995-9AC68CD232CE}
		{940DFB5C-E2B2-4750-8545-B87AAE2CE625} = {9036AA37-216C-44A4-B79A-EBB0E40461EE}
		{24C5BF07-2846-4E97-A54A-A12A699260E4} = {9036AA37-216C-44A4-B79A-EBB0E40461EE}
		{B7EC1BC5-E0F8-47D5-8599-218F54F4DA3F} = {9036AA37-216C-44A4-B79A-EBB0E40461EE}
		{39BFEF0B-891D-4AE3-AD4C-FFAE7102FF20} = {9036AA37-216C-44A4-B79A-EBB0E40461EE}
	EndGlobalSection
	GlobalSection(ExtensibilityGlobals) = postSolution
		SolutionGuid = {1EB0C173-FD6F-4FFA-9857-C9CCA0340DD6}
	EndGlobalSection
EndGlobal
