
Microsoft Visual Studio Solution File, Format Version 12.00
# Visual Studio Version 16
VisualStudioVersion = 16.0.30517.126
MinimumVisualStudioVersion = 10.0.40219.1
Project("{2150E333-8FDC-42A3-9474-1A3956D46DE8}") = "WorkingWithAbstractionLAB", "WorkingWithAbstractionLAB", "{3D8FD08E-DFFE-47C3-AA89-B7996416A2F6}"
EndProject
Project("{9A19103F-16F7-4668-BE54-9A1E7A4F7556}") = "StudentSystem", "StudentSystem\StudentSystem.csproj", "{BAFB0DD5-D3C8-426F-914A-468593A5CE92}"
EndProject
Project("{9A19103F-16F7-4668-BE54-9A1E7A4F7556}") = "RhombusOfStars", "rhombusOfStars\RhombusOfStars.csproj", "{2F0CBD6E-0F41-4897-9D18-D7C78B775622}"
EndProject
Project("{9A19103F-16F7-4668-BE54-9A1E7A4F7556}") = "PracticeEnum", "PracticeEnum\PracticeEnum.csproj", "{699C79B9-3C7F-4BEF-90C1-701C4D01AE2A}"
EndProject
Project("{9A19103F-16F7-4668-BE54-9A1E7A4F7556}") = "PointInRectangle", "PointInRectangle\PointInRectangle.csproj", "{618BD81F-BFBC-47B1-9513-5AE2C3FA59BE}"
EndProject
Project("{9A19103F-16F7-4668-BE54-9A1E7A4F7556}") = "HotelReservation", "HotelReservation\HotelReservation.csproj", "{22DD948E-F0AD-41E5-BEC2-83B77D962E17}"
EndProject
Project("{2150E333-8FDC-42A3-9474-1A3956D46DE8}") = "WorkingWithAbstractionEXERCISE", "WorkingWithAbstractionEXERCISE", "{CDFA71DB-909F-4094-A3FB-D4157279D011}"
EndProject
Project("{9A19103F-16F7-4668-BE54-9A1E7A4F7556}") = "RawData", "P01_RawData\RawData.csproj", "{DD281AD2-D7B1-423A-8FEE-BF0E51393A8B}"
EndProject
Project("{9A19103F-16F7-4668-BE54-9A1E7A4F7556}") = "CarsSalesman", "CarsSalesman\CarsSalesman.csproj", "{07E30926-A97F-4BAF-A6E6-BE9B79F9053F}"
EndProject
Project("{9A19103F-16F7-4668-BE54-9A1E7A4F7556}") = "JediGalaxy", "JediGalaxy\JediGalaxy.csproj", "{439727C4-69D4-4DC4-A1C4-5B8899C5E6C0}"
EndProject
Global
	GlobalSection(SolutionConfigurationPlatforms) = preSolution
		Debug|Any CPU = Debug|Any CPU
		Release|Any CPU = Release|Any CPU
	EndGlobalSection
	GlobalSection(ProjectConfigurationPlatforms) = postSolution
		{BAFB0DD5-D3C8-426F-914A-468593A5CE92}.Debug|Any CPU.ActiveCfg = Debug|Any CPU
		{BAFB0DD5-D3C8-426F-914A-468593A5CE92}.Debug|Any CPU.Build.0 = Debug|Any CPU
		{BAFB0DD5-D3C8-426F-914A-468593A5CE92}.Release|Any CPU.ActiveCfg = Release|Any CPU
		{BAFB0DD5-D3C8-426F-914A-468593A5CE92}.Release|Any CPU.Build.0 = Release|Any CPU
		{2F0CBD6E-0F41-4897-9D18-D7C78B775622}.Debug|Any CPU.ActiveCfg = Debug|Any CPU
		{2F0CBD6E-0F41-4897-9D18-D7C78B775622}.Debug|Any CPU.Build.0 = Debug|Any CPU
		{2F0CBD6E-0F41-4897-9D18-D7C78B775622}.Release|Any CPU.ActiveCfg = Release|Any CPU
		{2F0CBD6E-0F41-4897-9D18-D7C78B775622}.Release|Any CPU.Build.0 = Release|Any CPU
		{699C79B9-3C7F-4BEF-90C1-701C4D01AE2A}.Debug|Any CPU.ActiveCfg = Debug|Any CPU
		{699C79B9-3C7F-4BEF-90C1-701C4D01AE2A}.Debug|Any CPU.Build.0 = Debug|Any CPU
		{699C79B9-3C7F-4BEF-90C1-701C4D01AE2A}.Release|Any CPU.ActiveCfg = Release|Any CPU
		{699C79B9-3C7F-4BEF-90C1-701C4D01AE2A}.Release|Any CPU.Build.0 = Release|Any CPU
		{618BD81F-BFBC-47B1-9513-5AE2C3FA59BE}.Debug|Any CPU.ActiveCfg = Debug|Any CPU
		{618BD81F-BFBC-47B1-9513-5AE2C3FA59BE}.Debug|Any CPU.Build.0 = Debug|Any CPU
		{618BD81F-BFBC-47B1-9513-5AE2C3FA59BE}.Release|Any CPU.ActiveCfg = Release|Any CPU
		{618BD81F-BFBC-47B1-9513-5AE2C3FA59BE}.Release|Any CPU.Build.0 = Release|Any CPU
		{22DD948E-F0AD-41E5-BEC2-83B77D962E17}.Debug|Any CPU.ActiveCfg = Debug|Any CPU
		{22DD948E-F0AD-41E5-BEC2-83B77D962E17}.Debug|Any CPU.Build.0 = Debug|Any CPU
		{22DD948E-F0AD-41E5-BEC2-83B77D962E17}.Release|Any CPU.ActiveCfg = Release|Any CPU
		{22DD948E-F0AD-41E5-BEC2-83B77D962E17}.Release|Any CPU.Build.0 = Release|Any CPU
		{DD281AD2-D7B1-423A-8FEE-BF0E51393A8B}.Debug|Any CPU.ActiveCfg = Debug|Any CPU
		{DD281AD2-D7B1-423A-8FEE-BF0E51393A8B}.Debug|Any CPU.Build.0 = Debug|Any CPU
		{DD281AD2-D7B1-423A-8FEE-BF0E51393A8B}.Release|Any CPU.ActiveCfg = Release|Any CPU
		{DD281AD2-D7B1-423A-8FEE-BF0E51393A8B}.Release|Any CPU.Build.0 = Release|Any CPU
		{07E30926-A97F-4BAF-A6E6-BE9B79F9053F}.Debug|Any CPU.ActiveCfg = Debug|Any CPU
		{07E30926-A97F-4BAF-A6E6-BE9B79F9053F}.Debug|Any CPU.Build.0 = Debug|Any CPU
		{07E30926-A97F-4BAF-A6E6-BE9B79F9053F}.Release|Any CPU.ActiveCfg = Release|Any CPU
		{07E30926-A97F-4BAF-A6E6-BE9B79F9053F}.Release|Any CPU.Build.0 = Release|Any CPU
		{439727C4-69D4-4DC4-A1C4-5B8899C5E6C0}.Debug|Any CPU.ActiveCfg = Debug|Any CPU
		{439727C4-69D4-4DC4-A1C4-5B8899C5E6C0}.Debug|Any CPU.Build.0 = Debug|Any CPU
		{439727C4-69D4-4DC4-A1C4-5B8899C5E6C0}.Release|Any CPU.ActiveCfg = Release|Any CPU
		{439727C4-69D4-4DC4-A1C4-5B8899C5E6C0}.Release|Any CPU.Build.0 = Release|Any CPU
	EndGlobalSection
	GlobalSection(SolutionProperties) = preSolution
		HideSolutionNode = FALSE
	EndGlobalSection
	GlobalSection(NestedProjects) = preSolution
		{BAFB0DD5-D3C8-426F-914A-468593A5CE92} = {3D8FD08E-DFFE-47C3-AA89-B7996416A2F6}
		{2F0CBD6E-0F41-4897-9D18-D7C78B775622} = {3D8FD08E-DFFE-47C3-AA89-B7996416A2F6}
		{618BD81F-BFBC-47B1-9513-5AE2C3FA59BE} = {3D8FD08E-DFFE-47C3-AA89-B7996416A2F6}
		{22DD948E-F0AD-41E5-BEC2-83B77D962E17} = {3D8FD08E-DFFE-47C3-AA89-B7996416A2F6}
		{DD281AD2-D7B1-423A-8FEE-BF0E51393A8B} = {CDFA71DB-909F-4094-A3FB-D4157279D011}
		{07E30926-A97F-4BAF-A6E6-BE9B79F9053F} = {CDFA71DB-909F-4094-A3FB-D4157279D011}
		{439727C4-69D4-4DC4-A1C4-5B8899C5E6C0} = {CDFA71DB-909F-4094-A3FB-D4157279D011}
	EndGlobalSection
	GlobalSection(ExtensibilityGlobals) = postSolution
		SolutionGuid = {6F0F9293-FEC7-40CF-A50A-53988D9F54FD}
	EndGlobalSection
EndGlobal
