
Microsoft Visual Studio Solution File, Format Version 12.00
# Visual Studio Version 16
VisualStudioVersion = 16.0.30621.155
MinimumVisualStudioVersion = 10.0.40219.1
Project("{2150E333-8FDC-42A3-9474-1A3956D46DE8}") = "PolymorphismLAB", "PolymorphismLAB", "{E4D0BF70-169C-4202-A62B-B5B04E5D1661}"
EndProject
Project("{FAE04EC0-301F-11D3-BF4B-00C04F79EFBC}") = "Practice", "Practice\Practice.csproj", "{84138BE9-990E-405C-8A8D-6ADF8E7884A9}"
EndProject
Project("{FAE04EC0-301F-11D3-BF4B-00C04F79EFBC}") = "MathOperation", "MathOperation\MathOperation.csproj", "{A69ACF6E-E8DE-4EB9-84E4-35DBF2D3E097}"
EndProject
Project("{FAE04EC0-301F-11D3-BF4B-00C04F79EFBC}") = "Animals", "Animals\Animals.csproj", "{431E0D39-3C61-4F02-88B1-04C8D2BD63F2}"
EndProject
Project("{FAE04EC0-301F-11D3-BF4B-00C04F79EFBC}") = "Shapes", "Shapes\Shapes.csproj", "{FC015B60-95D0-45D8-AE99-3200C4DF9B1D}"
EndProject
Global
	GlobalSection(SolutionConfigurationPlatforms) = preSolution
		Debug|Any CPU = Debug|Any CPU
		Release|Any CPU = Release|Any CPU
	EndGlobalSection
	GlobalSection(ProjectConfigurationPlatforms) = postSolution
		{84138BE9-990E-405C-8A8D-6ADF8E7884A9}.Debug|Any CPU.ActiveCfg = Debug|Any CPU
		{84138BE9-990E-405C-8A8D-6ADF8E7884A9}.Debug|Any CPU.Build.0 = Debug|Any CPU
		{84138BE9-990E-405C-8A8D-6ADF8E7884A9}.Release|Any CPU.ActiveCfg = Release|Any CPU
		{84138BE9-990E-405C-8A8D-6ADF8E7884A9}.Release|Any CPU.Build.0 = Release|Any CPU
		{A69ACF6E-E8DE-4EB9-84E4-35DBF2D3E097}.Debug|Any CPU.ActiveCfg = Debug|Any CPU
		{A69ACF6E-E8DE-4EB9-84E4-35DBF2D3E097}.Debug|Any CPU.Build.0 = Debug|Any CPU
		{A69ACF6E-E8DE-4EB9-84E4-35DBF2D3E097}.Release|Any CPU.ActiveCfg = Release|Any CPU
		{A69ACF6E-E8DE-4EB9-84E4-35DBF2D3E097}.Release|Any CPU.Build.0 = Release|Any CPU
		{431E0D39-3C61-4F02-88B1-04C8D2BD63F2}.Debug|Any CPU.ActiveCfg = Debug|Any CPU
		{431E0D39-3C61-4F02-88B1-04C8D2BD63F2}.Debug|Any CPU.Build.0 = Debug|Any CPU
		{431E0D39-3C61-4F02-88B1-04C8D2BD63F2}.Release|Any CPU.ActiveCfg = Release|Any CPU
		{431E0D39-3C61-4F02-88B1-04C8D2BD63F2}.Release|Any CPU.Build.0 = Release|Any CPU
		{FC015B60-95D0-45D8-AE99-3200C4DF9B1D}.Debug|Any CPU.ActiveCfg = Debug|Any CPU
		{FC015B60-95D0-45D8-AE99-3200C4DF9B1D}.Debug|Any CPU.Build.0 = Debug|Any CPU
		{FC015B60-95D0-45D8-AE99-3200C4DF9B1D}.Release|Any CPU.ActiveCfg = Release|Any CPU
		{FC015B60-95D0-45D8-AE99-3200C4DF9B1D}.Release|Any CPU.Build.0 = Release|Any CPU
	EndGlobalSection
	GlobalSection(SolutionProperties) = preSolution
		HideSolutionNode = FALSE
	EndGlobalSection
	GlobalSection(NestedProjects) = preSolution
		{A69ACF6E-E8DE-4EB9-84E4-35DBF2D3E097} = {E4D0BF70-169C-4202-A62B-B5B04E5D1661}
		{431E0D39-3C61-4F02-88B1-04C8D2BD63F2} = {E4D0BF70-169C-4202-A62B-B5B04E5D1661}
		{FC015B60-95D0-45D8-AE99-3200C4DF9B1D} = {E4D0BF70-169C-4202-A62B-B5B04E5D1661}
	EndGlobalSection
	GlobalSection(ExtensibilityGlobals) = postSolution
		SolutionGuid = {2B2E0F5E-5642-43CD-8705-CE2DA9582A51}
	EndGlobalSection
EndGlobal
