
Microsoft Visual Studio Solution File, Format Version 12.00
# Visual Studio Version 16
VisualStudioVersion = 16.0.30717.126
MinimumVisualStudioVersion = 10.0.40219.1
Project("{9A19103F-16F7-4668-BE54-9A1E7A4F7556}") = "Store", "Store\Store.csproj", "{F49BF35A-3601-461E-9CE2-8E3186003F0F}"
EndProject
Project("{9A19103F-16F7-4668-BE54-9A1E7A4F7556}") = "Store.Tests", "Store.Tests\Store.Tests.csproj", "{F5CF293E-AD63-47F1-87DB-2D7B49DE5278}"
EndProject
Global
	GlobalSection(SolutionConfigurationPlatforms) = preSolution
		Debug|Any CPU = Debug|Any CPU
		Release|Any CPU = Release|Any CPU
	EndGlobalSection
	GlobalSection(ProjectConfigurationPlatforms) = postSolution
		{F49BF35A-3601-461E-9CE2-8E3186003F0F}.Debug|Any CPU.ActiveCfg = Debug|Any CPU
		{F49BF35A-3601-461E-9CE2-8E3186003F0F}.Debug|Any CPU.Build.0 = Debug|Any CPU
		{F49BF35A-3601-461E-9CE2-8E3186003F0F}.Release|Any CPU.ActiveCfg = Release|Any CPU
		{F49BF35A-3601-461E-9CE2-8E3186003F0F}.Release|Any CPU.Build.0 = Release|Any CPU
		{F5CF293E-AD63-47F1-87DB-2D7B49DE5278}.Debug|Any CPU.ActiveCfg = Debug|Any CPU
		{F5CF293E-AD63-47F1-87DB-2D7B49DE5278}.Debug|Any CPU.Build.0 = Debug|Any CPU
		{F5CF293E-AD63-47F1-87DB-2D7B49DE5278}.Release|Any CPU.ActiveCfg = Release|Any CPU
		{F5CF293E-AD63-47F1-87DB-2D7B49DE5278}.Release|Any CPU.Build.0 = Release|Any CPU
	EndGlobalSection
	GlobalSection(SolutionProperties) = preSolution
		HideSolutionNode = FALSE
	EndGlobalSection
	GlobalSection(ExtensibilityGlobals) = postSolution
		SolutionGuid = {203E52EC-F9CD-4376-A527-1C31D60B93CC}
	EndGlobalSection
EndGlobal
