
Microsoft Visual Studio Solution File, Format Version 12.00
# Visual Studio Version 16
VisualStudioVersion = 16.0.30717.126
MinimumVisualStudioVersion = 10.0.40219.1
Project("{9A19103F-16F7-4668-BE54-9A1E7A4F7556}") = "OnlineShop", "OnlineShop\OnlineShop.csproj", "{BBFB6C11-B607-4B17-83A4-524BD6066B52}"
EndProject
Global
	GlobalSection(SolutionConfigurationPlatforms) = preSolution
		Debug|Any CPU = Debug|Any CPU
		Release|Any CPU = Release|Any CPU
	EndGlobalSection
	GlobalSection(ProjectConfigurationPlatforms) = postSolution
		{BBFB6C11-B607-4B17-83A4-524BD6066B52}.Debug|Any CPU.ActiveCfg = Debug|Any CPU
		{BBFB6C11-B607-4B17-83A4-524BD6066B52}.Debug|Any CPU.Build.0 = Debug|Any CPU
		{BBFB6C11-B607-4B17-83A4-524BD6066B52}.Release|Any CPU.ActiveCfg = Release|Any CPU
		{BBFB6C11-B607-4B17-83A4-524BD6066B52}.Release|Any CPU.Build.0 = Release|Any CPU
	EndGlobalSection
	GlobalSection(SolutionProperties) = preSolution
		HideSolutionNode = FALSE
	EndGlobalSection
	GlobalSection(ExtensibilityGlobals) = postSolution
		SolutionGuid = {46157FAE-F13A-4ADD-A7CD-FE9A209FA9E3}
	EndGlobalSection
EndGlobal
