
Microsoft Visual Studio Solution File, Format Version 12.00
# Visual Studio Version 16
VisualStudioVersion = 16.0.30711.63
MinimumVisualStudioVersion = 10.0.40219.1
Project("{2150E333-8FDC-42A3-9474-1A3956D46DE8}") = "DesignPatternsLAB", "DesignPatternsLAB", "{6275F227-0302-45FA-9325-56DA0C3C9A0A}"
EndProject
Project("{FAE04EC0-301F-11D3-BF4B-00C04F79EFBC}") = "Singleton", "Singleton\Singleton.csproj", "{F1A6DFAF-34B9-4A41-9447-552C0E9C2D22}"
EndProject
Project("{FAE04EC0-301F-11D3-BF4B-00C04F79EFBC}") = "Facade", "Facade\Facade.csproj", "{FDC09C16-BEA9-4A10-8200-378980517F61}"
EndProject
Project("{FAE04EC0-301F-11D3-BF4B-00C04F79EFBC}") = "CommandPattern", "CommandPattern\CommandPattern.csproj", "{2D8C4483-71BA-40C2-93FC-AD6168FC0FB4}"
EndProject
Project("{2150E333-8FDC-42A3-9474-1A3956D46DE8}") = "DesignPatternEXERCISE", "DesignPatternEXERCISE", "{7A9DD612-5906-43E1-B483-38E555C1523A}"
EndProject
Project("{FAE04EC0-301F-11D3-BF4B-00C04F79EFBC}") = "Prototype", "Prototype\Prototype.csproj", "{00237785-9FBE-492D-A853-C7F21347AC5F}"
EndProject
Project("{FAE04EC0-301F-11D3-BF4B-00C04F79EFBC}") = "Composite", "Composite\Composite.csproj", "{049DD6BC-7998-44AE-9E1D-D9B96F469525}"
EndProject
Project("{FAE04EC0-301F-11D3-BF4B-00C04F79EFBC}") = "TemplatePattern", "TemplatePattern\TemplatePattern.csproj", "{27303ABE-97BB-4D27-8679-6AF390C91A2C}"
EndProject
Global
	GlobalSection(SolutionConfigurationPlatforms) = preSolution
		Debug|Any CPU = Debug|Any CPU
		Release|Any CPU = Release|Any CPU
	EndGlobalSection
	GlobalSection(ProjectConfigurationPlatforms) = postSolution
		{F1A6DFAF-34B9-4A41-9447-552C0E9C2D22}.Debug|Any CPU.ActiveCfg = Debug|Any CPU
		{F1A6DFAF-34B9-4A41-9447-552C0E9C2D22}.Debug|Any CPU.Build.0 = Debug|Any CPU
		{F1A6DFAF-34B9-4A41-9447-552C0E9C2D22}.Release|Any CPU.ActiveCfg = Release|Any CPU
		{F1A6DFAF-34B9-4A41-9447-552C0E9C2D22}.Release|Any CPU.Build.0 = Release|Any CPU
		{FDC09C16-BEA9-4A10-8200-378980517F61}.Debug|Any CPU.ActiveCfg = Debug|Any CPU
		{FDC09C16-BEA9-4A10-8200-378980517F61}.Debug|Any CPU.Build.0 = Debug|Any CPU
		{FDC09C16-BEA9-4A10-8200-378980517F61}.Release|Any CPU.ActiveCfg = Release|Any CPU
		{FDC09C16-BEA9-4A10-8200-378980517F61}.Release|Any CPU.Build.0 = Release|Any CPU
		{2D8C4483-71BA-40C2-93FC-AD6168FC0FB4}.Debug|Any CPU.ActiveCfg = Debug|Any CPU
		{2D8C4483-71BA-40C2-93FC-AD6168FC0FB4}.Debug|Any CPU.Build.0 = Debug|Any CPU
		{2D8C4483-71BA-40C2-93FC-AD6168FC0FB4}.Release|Any CPU.ActiveCfg = Release|Any CPU
		{2D8C4483-71BA-40C2-93FC-AD6168FC0FB4}.Release|Any CPU.Build.0 = Release|Any CPU
		{00237785-9FBE-492D-A853-C7F21347AC5F}.Debug|Any CPU.ActiveCfg = Debug|Any CPU
		{00237785-9FBE-492D-A853-C7F21347AC5F}.Debug|Any CPU.Build.0 = Debug|Any CPU
		{00237785-9FBE-492D-A853-C7F21347AC5F}.Release|Any CPU.ActiveCfg = Release|Any CPU
		{00237785-9FBE-492D-A853-C7F21347AC5F}.Release|Any CPU.Build.0 = Release|Any CPU
		{049DD6BC-7998-44AE-9E1D-D9B96F469525}.Debug|Any CPU.ActiveCfg = Debug|Any CPU
		{049DD6BC-7998-44AE-9E1D-D9B96F469525}.Debug|Any CPU.Build.0 = Debug|Any CPU
		{049DD6BC-7998-44AE-9E1D-D9B96F469525}.Release|Any CPU.ActiveCfg = Release|Any CPU
		{049DD6BC-7998-44AE-9E1D-D9B96F469525}.Release|Any CPU.Build.0 = Release|Any CPU
		{27303ABE-97BB-4D27-8679-6AF390C91A2C}.Debug|Any CPU.ActiveCfg = Debug|Any CPU
		{27303ABE-97BB-4D27-8679-6AF390C91A2C}.Debug|Any CPU.Build.0 = Debug|Any CPU
		{27303ABE-97BB-4D27-8679-6AF390C91A2C}.Release|Any CPU.ActiveCfg = Release|Any CPU
		{27303ABE-97BB-4D27-8679-6AF390C91A2C}.Release|Any CPU.Build.0 = Release|Any CPU
	EndGlobalSection
	GlobalSection(SolutionProperties) = preSolution
		HideSolutionNode = FALSE
	EndGlobalSection
	GlobalSection(NestedProjects) = preSolution
		{F1A6DFAF-34B9-4A41-9447-552C0E9C2D22} = {6275F227-0302-45FA-9325-56DA0C3C9A0A}
		{FDC09C16-BEA9-4A10-8200-378980517F61} = {6275F227-0302-45FA-9325-56DA0C3C9A0A}
		{2D8C4483-71BA-40C2-93FC-AD6168FC0FB4} = {6275F227-0302-45FA-9325-56DA0C3C9A0A}
		{00237785-9FBE-492D-A853-C7F21347AC5F} = {7A9DD612-5906-43E1-B483-38E555C1523A}
		{049DD6BC-7998-44AE-9E1D-D9B96F469525} = {7A9DD612-5906-43E1-B483-38E555C1523A}
		{27303ABE-97BB-4D27-8679-6AF390C91A2C} = {7A9DD612-5906-43E1-B483-38E555C1523A}
	EndGlobalSection
	GlobalSection(ExtensibilityGlobals) = postSolution
		SolutionGuid = {21864CD8-6A21-42AD-ADA3-33E21B88F524}
	EndGlobalSection
EndGlobal
